
Microsoft Visual Studio Solution File, Format Version 12.00
# Visual Studio Version 16
VisualStudioVersion = 16.0.30907.101
MinimumVisualStudioVersion = 10.0.40219.1
Project("{9A19103F-16F7-4668-BE54-9A1E7A4F7556}") = "01.PermutationswithoutRepetitions", "1.PermutationswithoutRepetitions\01.PermutationswithoutRepetitions.csproj", "{3960809A-AAEC-4435-89AE-B6C0CCE9D067}"
EndProject
Project("{9A19103F-16F7-4668-BE54-9A1E7A4F7556}") = "01.PermutationswithoutRepetitionsBeta", "02.PermutationswithRepetition\01.PermutationswithoutRepetitionsBeta.csproj", "{9B78ECA6-F6D4-456C-B105-537A898B8ED2}"
EndProject
Project("{FAE04EC0-301F-11D3-BF4B-00C04F79EFBC}") = "03PErmutationWithRepetition", "03PErmutationWithRepetition\03PErmutationWithRepetition.csproj", "{3E11CD8D-0E0B-4092-9F19-95FB3A71B951}"
EndProject
Global
	GlobalSection(SolutionConfigurationPlatforms) = preSolution
		Debug|Any CPU = Debug|Any CPU
		Release|Any CPU = Release|Any CPU
	EndGlobalSection
	GlobalSection(ProjectConfigurationPlatforms) = postSolution
		{3960809A-AAEC-4435-89AE-B6C0CCE9D067}.Debug|Any CPU.ActiveCfg = Debug|Any CPU
		{3960809A-AAEC-4435-89AE-B6C0CCE9D067}.Debug|Any CPU.Build.0 = Debug|Any CPU
		{3960809A-AAEC-4435-89AE-B6C0CCE9D067}.Release|Any CPU.ActiveCfg = Release|Any CPU
		{3960809A-AAEC-4435-89AE-B6C0CCE9D067}.Release|Any CPU.Build.0 = Release|Any CPU
		{9B78ECA6-F6D4-456C-B105-537A898B8ED2}.Debug|Any CPU.ActiveCfg = Debug|Any CPU
		{9B78ECA6-F6D4-456C-B105-537A898B8ED2}.Debug|Any CPU.Build.0 = Debug|Any CPU
		{9B78ECA6-F6D4-456C-B105-537A898B8ED2}.Release|Any CPU.ActiveCfg = Release|Any CPU
		{9B78ECA6-F6D4-456C-B105-537A898B8ED2}.Release|Any CPU.Build.0 = Release|Any CPU
		{3E11CD8D-0E0B-4092-9F19-95FB3A71B951}.Debug|Any CPU.ActiveCfg = Debug|Any CPU
		{3E11CD8D-0E0B-4092-9F19-95FB3A71B951}.Debug|Any CPU.Build.0 = Debug|Any CPU
		{3E11CD8D-0E0B-4092-9F19-95FB3A71B951}.Release|Any CPU.ActiveCfg = Release|Any CPU
		{3E11CD8D-0E0B-4092-9F19-95FB3A71B951}.Release|Any CPU.Build.0 = Release|Any CPU
	EndGlobalSection
	GlobalSection(SolutionProperties) = preSolution
		HideSolutionNode = FALSE
	EndGlobalSection
	GlobalSection(ExtensibilityGlobals) = postSolution
		SolutionGuid = {C8CFFA6A-86D7-4516-9636-C72E952F613E}
	EndGlobalSection
EndGlobal
