
Microsoft Visual Studio Solution File, Format Version 12.00
# Visual Studio Version 16
VisualStudioVersion = 16.0.30907.101
MinimumVisualStudioVersion = 10.0.40219.1
Project("{9A19103F-16F7-4668-BE54-9A1E7A4F7556}") = "01.Lootbox", "01.Lootbox\01.Lootbox.csproj", "{FCAE01F9-4150-4092-9C75-CB22AE1E7BF3}"
EndProject
Project("{FAE04EC0-301F-11D3-BF4B-00C04F79EFBC}") = "02.Re-Volt", "02.Re-Volt\02.Re-Volt.csproj", "{FD99A2F9-D9D0-4ED8-B194-659B9C812959}"
EndProject
Global
	GlobalSection(SolutionConfigurationPlatforms) = preSolution
		Debug|Any CPU = Debug|Any CPU
		Release|Any CPU = Release|Any CPU
	EndGlobalSection
	GlobalSection(ProjectConfigurationPlatforms) = postSolution
		{FCAE01F9-4150-4092-9C75-CB22AE1E7BF3}.Debug|Any CPU.ActiveCfg = Debug|Any CPU
		{FCAE01F9-4150-4092-9C75-CB22AE1E7BF3}.Debug|Any CPU.Build.0 = Debug|Any CPU
		{FCAE01F9-4150-4092-9C75-CB22AE1E7BF3}.Release|Any CPU.ActiveCfg = Release|Any CPU
		{FCAE01F9-4150-4092-9C75-CB22AE1E7BF3}.Release|Any CPU.Build.0 = Release|Any CPU
		{FD99A2F9-D9D0-4ED8-B194-659B9C812959}.Debug|Any CPU.ActiveCfg = Debug|Any CPU
		{FD99A2F9-D9D0-4ED8-B194-659B9C812959}.Debug|Any CPU.Build.0 = Debug|Any CPU
		{FD99A2F9-D9D0-4ED8-B194-659B9C812959}.Release|Any CPU.ActiveCfg = Release|Any CPU
		{FD99A2F9-D9D0-4ED8-B194-659B9C812959}.Release|Any CPU.Build.0 = Release|Any CPU
	EndGlobalSection
	GlobalSection(SolutionProperties) = preSolution
		HideSolutionNode = FALSE
	EndGlobalSection
	GlobalSection(ExtensibilityGlobals) = postSolution
		SolutionGuid = {5BE27D20-F267-4DE0-A5F8-6B30B5289002}
	EndGlobalSection
EndGlobal
