
Microsoft Visual Studio Solution File, Format Version 12.00
# Visual Studio Version 16
VisualStudioVersion = 16.0.31911.196
MinimumVisualStudioVersion = 10.0.40219.1
Project("{9A19103F-16F7-4668-BE54-9A1E7A4F7556}") = "01Graph", "01Graph\01Graph.csproj", "{F28B4D18-B140-405E-AEB3-09DDAEA73D2D}"
EndProject
Project("{9A19103F-16F7-4668-BE54-9A1E7A4F7556}") = "02Co", "02Co\02Co.csproj", "{62E34214-279C-46A2-9473-A2A19148EA59}"
EndProject
Project("{FAE04EC0-301F-11D3-BF4B-00C04F79EFBC}") = "03TopologicalSorting", "03TopologicalSorting\03TopologicalSorting.csproj", "{89ACC1DE-F1B9-40D1-9A2E-DB029B48976A}"
EndProject
Global
	GlobalSection(SolutionConfigurationPlatforms) = preSolution
		Debug|Any CPU = Debug|Any CPU
		Release|Any CPU = Release|Any CPU
	EndGlobalSection
	GlobalSection(ProjectConfigurationPlatforms) = postSolution
		{F28B4D18-B140-405E-AEB3-09DDAEA73D2D}.Debug|Any CPU.ActiveCfg = Debug|Any CPU
		{F28B4D18-B140-405E-AEB3-09DDAEA73D2D}.Debug|Any CPU.Build.0 = Debug|Any CPU
		{F28B4D18-B140-405E-AEB3-09DDAEA73D2D}.Release|Any CPU.ActiveCfg = Release|Any CPU
		{F28B4D18-B140-405E-AEB3-09DDAEA73D2D}.Release|Any CPU.Build.0 = Release|Any CPU
		{62E34214-279C-46A2-9473-A2A19148EA59}.Debug|Any CPU.ActiveCfg = Debug|Any CPU
		{62E34214-279C-46A2-9473-A2A19148EA59}.Debug|Any CPU.Build.0 = Debug|Any CPU
		{62E34214-279C-46A2-9473-A2A19148EA59}.Release|Any CPU.ActiveCfg = Release|Any CPU
		{62E34214-279C-46A2-9473-A2A19148EA59}.Release|Any CPU.Build.0 = Release|Any CPU
		{89ACC1DE-F1B9-40D1-9A2E-DB029B48976A}.Debug|Any CPU.ActiveCfg = Debug|Any CPU
		{89ACC1DE-F1B9-40D1-9A2E-DB029B48976A}.Debug|Any CPU.Build.0 = Debug|Any CPU
		{89ACC1DE-F1B9-40D1-9A2E-DB029B48976A}.Release|Any CPU.ActiveCfg = Release|Any CPU
		{89ACC1DE-F1B9-40D1-9A2E-DB029B48976A}.Release|Any CPU.Build.0 = Release|Any CPU
	EndGlobalSection
	GlobalSection(SolutionProperties) = preSolution
		HideSolutionNode = FALSE
	EndGlobalSection
	GlobalSection(ExtensibilityGlobals) = postSolution
		SolutionGuid = {2BA31671-5462-4F58-BF6D-03AB8E6A0610}
	EndGlobalSection
EndGlobal
