
Microsoft Visual Studio Solution File, Format Version 12.00
# Visual Studio Version 16
VisualStudioVersion = 16.0.30907.101
MinimumVisualStudioVersion = 10.0.40219.1
Project("{FAE04EC0-301F-11D3-BF4B-00C04F79EFBC}") = "DefiningClasses", "01.DefineClassPerson\DefiningClasses.csproj", "{3D6FEA43-0B61-4D7C-A1C7-C111AA08A8DD}"
EndProject
Global
	GlobalSection(SolutionConfigurationPlatforms) = preSolution
		Debug|Any CPU = Debug|Any CPU
		Release|Any CPU = Release|Any CPU
	EndGlobalSection
	GlobalSection(ProjectConfigurationPlatforms) = postSolution
		{3D6FEA43-0B61-4D7C-A1C7-C111AA08A8DD}.Debug|Any CPU.ActiveCfg = Debug|Any CPU
		{3D6FEA43-0B61-4D7C-A1C7-C111AA08A8DD}.Debug|Any CPU.Build.0 = Debug|Any CPU
		{3D6FEA43-0B61-4D7C-A1C7-C111AA08A8DD}.Release|Any CPU.ActiveCfg = Release|Any CPU
		{3D6FEA43-0B61-4D7C-A1C7-C111AA08A8DD}.Release|Any CPU.Build.0 = Release|Any CPU
	EndGlobalSection
	GlobalSection(SolutionProperties) = preSolution
		HideSolutionNode = FALSE
	EndGlobalSection
	GlobalSection(ExtensibilityGlobals) = postSolution
		SolutionGuid = {38D7DB47-BD8B-4DB3-AA1D-589DB8D90562}
	EndGlobalSection
EndGlobal
