
Microsoft Visual Studio Solution File, Format Version 12.00
# Visual Studio Version 16
VisualStudioVersion = 16.0.30907.101
MinimumVisualStudioVersion = 10.0.40219.1
Project("{9A19103F-16F7-4668-BE54-9A1E7A4F7556}") = "01. Furniture", "ConsoleApp1\01. Furniture.csproj", "{A27DCDD0-A3FE-47E3-9326-29D3B9410E4A}"
EndProject
Project("{FAE04EC0-301F-11D3-BF4B-00C04F79EFBC}") = "02.Race", "02.Race\02.Race.csproj", "{09C750D8-88F2-451B-815D-04A25CA595A9}"
EndProject
Project("{FAE04EC0-301F-11D3-BF4B-00C04F79EFBC}") = "03.SoftUniBarIncome", "03.SoftUniBarIncome\03.SoftUniBarIncome.csproj", "{ECB89DA5-065D-4718-B5DF-DD17F62DFBB7}"
EndProject
Global
	GlobalSection(SolutionConfigurationPlatforms) = preSolution
		Debug|Any CPU = Debug|Any CPU
		Release|Any CPU = Release|Any CPU
	EndGlobalSection
	GlobalSection(ProjectConfigurationPlatforms) = postSolution
		{A27DCDD0-A3FE-47E3-9326-29D3B9410E4A}.Debug|Any CPU.ActiveCfg = Debug|Any CPU
		{A27DCDD0-A3FE-47E3-9326-29D3B9410E4A}.Debug|Any CPU.Build.0 = Debug|Any CPU
		{A27DCDD0-A3FE-47E3-9326-29D3B9410E4A}.Release|Any CPU.ActiveCfg = Release|Any CPU
		{A27DCDD0-A3FE-47E3-9326-29D3B9410E4A}.Release|Any CPU.Build.0 = Release|Any CPU
		{09C750D8-88F2-451B-815D-04A25CA595A9}.Debug|Any CPU.ActiveCfg = Debug|Any CPU
		{09C750D8-88F2-451B-815D-04A25CA595A9}.Debug|Any CPU.Build.0 = Debug|Any CPU
		{09C750D8-88F2-451B-815D-04A25CA595A9}.Release|Any CPU.ActiveCfg = Release|Any CPU
		{09C750D8-88F2-451B-815D-04A25CA595A9}.Release|Any CPU.Build.0 = Release|Any CPU
		{ECB89DA5-065D-4718-B5DF-DD17F62DFBB7}.Debug|Any CPU.ActiveCfg = Debug|Any CPU
		{ECB89DA5-065D-4718-B5DF-DD17F62DFBB7}.Debug|Any CPU.Build.0 = Debug|Any CPU
		{ECB89DA5-065D-4718-B5DF-DD17F62DFBB7}.Release|Any CPU.ActiveCfg = Release|Any CPU
		{ECB89DA5-065D-4718-B5DF-DD17F62DFBB7}.Release|Any CPU.Build.0 = Release|Any CPU
	EndGlobalSection
	GlobalSection(SolutionProperties) = preSolution
		HideSolutionNode = FALSE
	EndGlobalSection
	GlobalSection(ExtensibilityGlobals) = postSolution
		SolutionGuid = {84648E0E-EDC8-4F43-BEC5-D06161348B67}
	EndGlobalSection
EndGlobal
