
Microsoft Visual Studio Solution File, Format Version 12.00
# Visual Studio Version 16
VisualStudioVersion = 16.0.30907.101
MinimumVisualStudioVersion = 10.0.40219.1
Project("{FAE04EC0-301F-11D3-BF4B-00C04F79EFBC}") = "BoxOfT", "01Box\BoxOfT.csproj", "{B86CD96E-8CE0-45B2-9877-D840DF85E530}"
EndProject
Project("{FAE04EC0-301F-11D3-BF4B-00C04F79EFBC}") = "GenericArrayCreator", "GenericArrayCreator\GenericArrayCreator.csproj", "{883A1EC9-24C5-47D9-822A-45E2A1E5BB8E}"
EndProject
Project("{FAE04EC0-301F-11D3-BF4B-00C04F79EFBC}") = "GenericScale", "GenericScale\GenericScale.csproj", "{37AD5037-11E2-42AA-8313-4409ACC5A251}"
EndProject
Global
	GlobalSection(SolutionConfigurationPlatforms) = preSolution
		Debug|Any CPU = Debug|Any CPU
		Release|Any CPU = Release|Any CPU
	EndGlobalSection
	GlobalSection(ProjectConfigurationPlatforms) = postSolution
		{B86CD96E-8CE0-45B2-9877-D840DF85E530}.Debug|Any CPU.ActiveCfg = Debug|Any CPU
		{B86CD96E-8CE0-45B2-9877-D840DF85E530}.Debug|Any CPU.Build.0 = Debug|Any CPU
		{B86CD96E-8CE0-45B2-9877-D840DF85E530}.Release|Any CPU.ActiveCfg = Release|Any CPU
		{B86CD96E-8CE0-45B2-9877-D840DF85E530}.Release|Any CPU.Build.0 = Release|Any CPU
		{883A1EC9-24C5-47D9-822A-45E2A1E5BB8E}.Debug|Any CPU.ActiveCfg = Debug|Any CPU
		{883A1EC9-24C5-47D9-822A-45E2A1E5BB8E}.Debug|Any CPU.Build.0 = Debug|Any CPU
		{883A1EC9-24C5-47D9-822A-45E2A1E5BB8E}.Release|Any CPU.ActiveCfg = Release|Any CPU
		{883A1EC9-24C5-47D9-822A-45E2A1E5BB8E}.Release|Any CPU.Build.0 = Release|Any CPU
		{37AD5037-11E2-42AA-8313-4409ACC5A251}.Debug|Any CPU.ActiveCfg = Debug|Any CPU
		{37AD5037-11E2-42AA-8313-4409ACC5A251}.Debug|Any CPU.Build.0 = Debug|Any CPU
		{37AD5037-11E2-42AA-8313-4409ACC5A251}.Release|Any CPU.ActiveCfg = Release|Any CPU
		{37AD5037-11E2-42AA-8313-4409ACC5A251}.Release|Any CPU.Build.0 = Release|Any CPU
	EndGlobalSection
	GlobalSection(SolutionProperties) = preSolution
		HideSolutionNode = FALSE
	EndGlobalSection
	GlobalSection(ExtensibilityGlobals) = postSolution
		SolutionGuid = {28E7785D-981B-4758-B59F-974179F71E21}
	EndGlobalSection
EndGlobal
