
Microsoft Visual Studio Solution File, Format Version 12.00
# Visual Studio Version 16
VisualStudioVersion = 16.0.30907.101
MinimumVisualStudioVersion = 10.0.40219.1
Project("{9A19103F-16F7-4668-BE54-9A1E7A4F7556}") = "PersonInfo", "IPerson\PersonInfo.csproj", "{7322B0A2-F38C-4FE8-967D-220441E85173}"
EndProject
Project("{9A19103F-16F7-4668-BE54-9A1E7A4F7556}") = "Telephony", "Telephony\Telephony.csproj", "{79A9A99E-2618-4697-93B2-CA17E8913641}"
EndProject
Project("{9A19103F-16F7-4668-BE54-9A1E7A4F7556}") = "CollectionHierarchy", "CollectionHierarchy\CollectionHierarchy.csproj", "{6E9AF392-5EBF-4CEE-9951-EB8EA0DA3968}"
EndProject
Project("{9A19103F-16F7-4668-BE54-9A1E7A4F7556}") = "ExplicitInterfaces", "ExplicitInterfaces\ExplicitInterfaces.csproj", "{94DA44E0-0411-410A-8406-A3D84E6F63D7}"
<<<<<<< HEAD
=======
EndProject
Project("{FAE04EC0-301F-11D3-BF4B-00C04F79EFBC}") = "MilitaryElite", "MilitaryEliteBeta\MilitaryElite.csproj", "{6CD04C35-FE7D-440F-A91A-44E03B899A4F}"
>>>>>>> c2ebc6066c9f88fa81820322c266e599abc6964d
EndProject
Global
	GlobalSection(SolutionConfigurationPlatforms) = preSolution
		Debug|Any CPU = Debug|Any CPU
		Release|Any CPU = Release|Any CPU
	EndGlobalSection
	GlobalSection(ProjectConfigurationPlatforms) = postSolution
		{7322B0A2-F38C-4FE8-967D-220441E85173}.Debug|Any CPU.ActiveCfg = Debug|Any CPU
		{7322B0A2-F38C-4FE8-967D-220441E85173}.Debug|Any CPU.Build.0 = Debug|Any CPU
		{7322B0A2-F38C-4FE8-967D-220441E85173}.Release|Any CPU.ActiveCfg = Release|Any CPU
		{7322B0A2-F38C-4FE8-967D-220441E85173}.Release|Any CPU.Build.0 = Release|Any CPU
		{79A9A99E-2618-4697-93B2-CA17E8913641}.Debug|Any CPU.ActiveCfg = Debug|Any CPU
		{79A9A99E-2618-4697-93B2-CA17E8913641}.Debug|Any CPU.Build.0 = Debug|Any CPU
		{79A9A99E-2618-4697-93B2-CA17E8913641}.Release|Any CPU.ActiveCfg = Release|Any CPU
		{79A9A99E-2618-4697-93B2-CA17E8913641}.Release|Any CPU.Build.0 = Release|Any CPU
		{6E9AF392-5EBF-4CEE-9951-EB8EA0DA3968}.Debug|Any CPU.ActiveCfg = Debug|Any CPU
		{6E9AF392-5EBF-4CEE-9951-EB8EA0DA3968}.Debug|Any CPU.Build.0 = Debug|Any CPU
		{6E9AF392-5EBF-4CEE-9951-EB8EA0DA3968}.Release|Any CPU.ActiveCfg = Release|Any CPU
		{6E9AF392-5EBF-4CEE-9951-EB8EA0DA3968}.Release|Any CPU.Build.0 = Release|Any CPU
		{94DA44E0-0411-410A-8406-A3D84E6F63D7}.Debug|Any CPU.ActiveCfg = Debug|Any CPU
		{94DA44E0-0411-410A-8406-A3D84E6F63D7}.Debug|Any CPU.Build.0 = Debug|Any CPU
		{94DA44E0-0411-410A-8406-A3D84E6F63D7}.Release|Any CPU.ActiveCfg = Release|Any CPU
		{94DA44E0-0411-410A-8406-A3D84E6F63D7}.Release|Any CPU.Build.0 = Release|Any CPU
<<<<<<< HEAD
=======
		{6CD04C35-FE7D-440F-A91A-44E03B899A4F}.Debug|Any CPU.ActiveCfg = Debug|Any CPU
		{6CD04C35-FE7D-440F-A91A-44E03B899A4F}.Debug|Any CPU.Build.0 = Debug|Any CPU
		{6CD04C35-FE7D-440F-A91A-44E03B899A4F}.Release|Any CPU.ActiveCfg = Release|Any CPU
		{6CD04C35-FE7D-440F-A91A-44E03B899A4F}.Release|Any CPU.Build.0 = Release|Any CPU
>>>>>>> c2ebc6066c9f88fa81820322c266e599abc6964d
	EndGlobalSection
	GlobalSection(SolutionProperties) = preSolution
		HideSolutionNode = FALSE
	EndGlobalSection
	GlobalSection(ExtensibilityGlobals) = postSolution
		SolutionGuid = {0DFB2F8E-EF47-4F08-91CC-173FB54E8837}
	EndGlobalSection
EndGlobal
