
Microsoft Visual Studio Solution File, Format Version 12.00
# Visual Studio Version 17
VisualStudioVersion = 17.3.32804.467
MinimumVisualStudioVersion = 10.0.40219.1
Project("{FAE04EC0-301F-11D3-BF4B-00C04F79EFBC}") = "Demo", "Demo\Demo.csproj", "{FD4DA37C-49D8-4876-89D9-176083DEC8CA}"
EndProject
Global
	GlobalSection(SolutionConfigurationPlatforms) = preSolution
		Debug|Any CPU = Debug|Any CPU
		Release|Any CPU = Release|Any CPU
	EndGlobalSection
	GlobalSection(ProjectConfigurationPlatforms) = postSolution
		{FD4DA37C-49D8-4876-89D9-176083DEC8CA}.Debug|Any CPU.ActiveCfg = Debug|Any CPU
		{FD4DA37C-49D8-4876-89D9-176083DEC8CA}.Debug|Any CPU.Build.0 = Debug|Any CPU
		{FD4DA37C-49D8-4876-89D9-176083DEC8CA}.Release|Any CPU.ActiveCfg = Release|Any CPU
		{FD4DA37C-49D8-4876-89D9-176083DEC8CA}.Release|Any CPU.Build.0 = Release|Any CPU
	EndGlobalSection
	GlobalSection(SolutionProperties) = preSolution
		HideSolutionNode = FALSE
	EndGlobalSection
	GlobalSection(ExtensibilityGlobals) = postSolution
		SolutionGuid = {B0E1DC44-F968-4BE1-900C-176DFE500D24}
	EndGlobalSection
EndGlobal
