
Microsoft Visual Studio Solution File, Format Version 12.00
# Visual Studio Version 16
VisualStudioVersion = 16.0.30907.101
MinimumVisualStudioVersion = 10.0.40219.1
Project("{9A19103F-16F7-4668-BE54-9A1E7A4F7556}") = "1.SumMatrixElements", "1.SumMatrixElements\1.SumMatrixElements.csproj", "{FEC5A1C4-1796-4A05-A0C1-217A6E84E170}"
EndProject
Project("{FAE04EC0-301F-11D3-BF4B-00C04F79EFBC}") = "2.SumMatrixColumns", "2.SumMatrixColumns\2.SumMatrixColumns.csproj", "{FE678512-C1BA-4BE4-8048-63940F2007B0}"
EndProject
Project("{FAE04EC0-301F-11D3-BF4B-00C04F79EFBC}") = "3.PrimaryDiagonal", "3.PrimaryDiagonal\3.PrimaryDiagonal.csproj", "{6A15310D-2AA4-4D7F-9477-D9859320D268}"
EndProject
Global
	GlobalSection(SolutionConfigurationPlatforms) = preSolution
		Debug|Any CPU = Debug|Any CPU
		Release|Any CPU = Release|Any CPU
	EndGlobalSection
	GlobalSection(ProjectConfigurationPlatforms) = postSolution
		{FEC5A1C4-1796-4A05-A0C1-217A6E84E170}.Debug|Any CPU.ActiveCfg = Debug|Any CPU
		{FEC5A1C4-1796-4A05-A0C1-217A6E84E170}.Debug|Any CPU.Build.0 = Debug|Any CPU
		{FEC5A1C4-1796-4A05-A0C1-217A6E84E170}.Release|Any CPU.ActiveCfg = Release|Any CPU
		{FEC5A1C4-1796-4A05-A0C1-217A6E84E170}.Release|Any CPU.Build.0 = Release|Any CPU
		{FE678512-C1BA-4BE4-8048-63940F2007B0}.Debug|Any CPU.ActiveCfg = Debug|Any CPU
		{FE678512-C1BA-4BE4-8048-63940F2007B0}.Debug|Any CPU.Build.0 = Debug|Any CPU
		{FE678512-C1BA-4BE4-8048-63940F2007B0}.Release|Any CPU.ActiveCfg = Release|Any CPU
		{FE678512-C1BA-4BE4-8048-63940F2007B0}.Release|Any CPU.Build.0 = Release|Any CPU
		{6A15310D-2AA4-4D7F-9477-D9859320D268}.Debug|Any CPU.ActiveCfg = Debug|Any CPU
		{6A15310D-2AA4-4D7F-9477-D9859320D268}.Debug|Any CPU.Build.0 = Debug|Any CPU
		{6A15310D-2AA4-4D7F-9477-D9859320D268}.Release|Any CPU.ActiveCfg = Release|Any CPU
		{6A15310D-2AA4-4D7F-9477-D9859320D268}.Release|Any CPU.Build.0 = Release|Any CPU
	EndGlobalSection
	GlobalSection(SolutionProperties) = preSolution
		HideSolutionNode = FALSE
	EndGlobalSection
	GlobalSection(ExtensibilityGlobals) = postSolution
		SolutionGuid = {5C84D1E9-E28C-4E27-A0BD-1C41E28EA350}
	EndGlobalSection
EndGlobal
