
Microsoft Visual Studio Solution File, Format Version 12.00
# Visual Studio Version 16
VisualStudioVersion = 16.0.30907.101
MinimumVisualStudioVersion = 10.0.40219.1
Project("{FAE04EC0-301F-11D3-BF4B-00C04F79EFBC}") = "failed", "try\failed.csproj", "{36D0BE4B-C553-4D1C-91AC-D05D62423BE8}"
EndProject
Global
	GlobalSection(SolutionConfigurationPlatforms) = preSolution
		Debug|Any CPU = Debug|Any CPU
		Release|Any CPU = Release|Any CPU
	EndGlobalSection
	GlobalSection(ProjectConfigurationPlatforms) = postSolution
		{36D0BE4B-C553-4D1C-91AC-D05D62423BE8}.Debug|Any CPU.ActiveCfg = Debug|Any CPU
		{36D0BE4B-C553-4D1C-91AC-D05D62423BE8}.Debug|Any CPU.Build.0 = Debug|Any CPU
		{36D0BE4B-C553-4D1C-91AC-D05D62423BE8}.Release|Any CPU.ActiveCfg = Release|Any CPU
		{36D0BE4B-C553-4D1C-91AC-D05D62423BE8}.Release|Any CPU.Build.0 = Release|Any CPU
	EndGlobalSection
	GlobalSection(SolutionProperties) = preSolution
		HideSolutionNode = FALSE
	EndGlobalSection
	GlobalSection(ExtensibilityGlobals) = postSolution
		SolutionGuid = {2179242A-1AA8-4487-B2B1-98C0601E7F5D}
	EndGlobalSection
EndGlobal
