
Microsoft Visual Studio Solution File, Format Version 12.00
# Visual Studio Version 16
VisualStudioVersion = 16.0.30907.101
MinimumVisualStudioVersion = 10.0.40219.1
Project("{FAE04EC0-301F-11D3-BF4B-00C04F79EFBC}") = "01.BasicStackOperations", "01.BasicStackOperations\01.BasicStackOperations.csproj", "{4995EE37-EB25-4166-8C73-BB4B7B85D545}"
EndProject
Project("{FAE04EC0-301F-11D3-BF4B-00C04F79EFBC}") = "02.BasicQueueOperations", "02.BasicQueueOperations\02.BasicQueueOperations.csproj", "{92CF35DB-1D9F-4A1A-BC57-0394937DE7FE}"
EndProject
Project("{FAE04EC0-301F-11D3-BF4B-00C04F79EFBC}") = "03.MaximumAndMinimumElement", "03.MaximumAndMinimumElement\03.MaximumAndMinimumElement.csproj", "{BD01C421-E9C8-456B-8778-42DD00A6D297}"
EndProject
Project("{FAE04EC0-301F-11D3-BF4B-00C04F79EFBC}") = "04.FastFood", "04.FastFood\04.FastFood.csproj", "{5E4D5C9E-0A0E-465C-962F-C9AC6C975E8E}"
EndProject
Project("{FAE04EC0-301F-11D3-BF4B-00C04F79EFBC}") = "05.FashionBoutique", "05.FashionBoutique\05.FashionBoutique.csproj", "{671E7D66-FADE-4752-9F66-EE654AD111F2}"
EndProject
Global
	GlobalSection(SolutionConfigurationPlatforms) = preSolution
		Debug|Any CPU = Debug|Any CPU
		Release|Any CPU = Release|Any CPU
	EndGlobalSection
	GlobalSection(ProjectConfigurationPlatforms) = postSolution
		{4995EE37-EB25-4166-8C73-BB4B7B85D545}.Debug|Any CPU.ActiveCfg = Debug|Any CPU
		{4995EE37-EB25-4166-8C73-BB4B7B85D545}.Debug|Any CPU.Build.0 = Debug|Any CPU
		{4995EE37-EB25-4166-8C73-BB4B7B85D545}.Release|Any CPU.ActiveCfg = Release|Any CPU
		{4995EE37-EB25-4166-8C73-BB4B7B85D545}.Release|Any CPU.Build.0 = Release|Any CPU
		{92CF35DB-1D9F-4A1A-BC57-0394937DE7FE}.Debug|Any CPU.ActiveCfg = Debug|Any CPU
		{92CF35DB-1D9F-4A1A-BC57-0394937DE7FE}.Debug|Any CPU.Build.0 = Debug|Any CPU
		{92CF35DB-1D9F-4A1A-BC57-0394937DE7FE}.Release|Any CPU.ActiveCfg = Release|Any CPU
		{92CF35DB-1D9F-4A1A-BC57-0394937DE7FE}.Release|Any CPU.Build.0 = Release|Any CPU
		{BD01C421-E9C8-456B-8778-42DD00A6D297}.Debug|Any CPU.ActiveCfg = Debug|Any CPU
		{BD01C421-E9C8-456B-8778-42DD00A6D297}.Debug|Any CPU.Build.0 = Debug|Any CPU
		{BD01C421-E9C8-456B-8778-42DD00A6D297}.Release|Any CPU.ActiveCfg = Release|Any CPU
		{BD01C421-E9C8-456B-8778-42DD00A6D297}.Release|Any CPU.Build.0 = Release|Any CPU
		{5E4D5C9E-0A0E-465C-962F-C9AC6C975E8E}.Debug|Any CPU.ActiveCfg = Debug|Any CPU
		{5E4D5C9E-0A0E-465C-962F-C9AC6C975E8E}.Debug|Any CPU.Build.0 = Debug|Any CPU
		{5E4D5C9E-0A0E-465C-962F-C9AC6C975E8E}.Release|Any CPU.ActiveCfg = Release|Any CPU
		{5E4D5C9E-0A0E-465C-962F-C9AC6C975E8E}.Release|Any CPU.Build.0 = Release|Any CPU
		{671E7D66-FADE-4752-9F66-EE654AD111F2}.Debug|Any CPU.ActiveCfg = Debug|Any CPU
		{671E7D66-FADE-4752-9F66-EE654AD111F2}.Debug|Any CPU.Build.0 = Debug|Any CPU
		{671E7D66-FADE-4752-9F66-EE654AD111F2}.Release|Any CPU.ActiveCfg = Release|Any CPU
		{671E7D66-FADE-4752-9F66-EE654AD111F2}.Release|Any CPU.Build.0 = Release|Any CPU
	EndGlobalSection
	GlobalSection(SolutionProperties) = preSolution
		HideSolutionNode = FALSE
	EndGlobalSection
	GlobalSection(ExtensibilityGlobals) = postSolution
		SolutionGuid = {A4E61DD2-E283-4293-94DA-A9BF753035AA}
	EndGlobalSection
EndGlobal
