
Microsoft Visual Studio Solution File, Format Version 12.00
# Visual Studio Version 16
VisualStudioVersion = 16.0.30907.101
MinimumVisualStudioVersion = 10.0.40219.1
Project("{9A19103F-16F7-4668-BE54-9A1E7A4F7556}") = "1.DiagonalDifference", "1.DiagonalDifference\1.DiagonalDifference.csproj", "{42111CA1-D6AF-4F45-8715-FC7CFA3484B3}"
EndProject
Project("{FAE04EC0-301F-11D3-BF4B-00C04F79EFBC}") = "2.SquaresInMatrix", "2.SquaresInMatrix\2.SquaresInMatrix.csproj", "{1C5275A5-BA02-43AD-BDEB-8D015164C35E}"
EndProject
Project("{FAE04EC0-301F-11D3-BF4B-00C04F79EFBC}") = "demoSquareSum", "demoSquareSum\demoSquareSum.csproj", "{7BD6C60C-B3C6-4A1C-87D5-D55123FB04B6}"
EndProject
Project("{FAE04EC0-301F-11D3-BF4B-00C04F79EFBC}") = "BeerKegs", "BeerKegs\BeerKegs.csproj", "{351DEFE3-BCBB-4065-AA1D-69A80FBD52AD}"
EndProject
Global
	GlobalSection(SolutionConfigurationPlatforms) = preSolution
		Debug|Any CPU = Debug|Any CPU
		Release|Any CPU = Release|Any CPU
	EndGlobalSection
	GlobalSection(ProjectConfigurationPlatforms) = postSolution
		{42111CA1-D6AF-4F45-8715-FC7CFA3484B3}.Debug|Any CPU.ActiveCfg = Debug|Any CPU
		{42111CA1-D6AF-4F45-8715-FC7CFA3484B3}.Debug|Any CPU.Build.0 = Debug|Any CPU
		{42111CA1-D6AF-4F45-8715-FC7CFA3484B3}.Release|Any CPU.ActiveCfg = Release|Any CPU
		{42111CA1-D6AF-4F45-8715-FC7CFA3484B3}.Release|Any CPU.Build.0 = Release|Any CPU
		{1C5275A5-BA02-43AD-BDEB-8D015164C35E}.Debug|Any CPU.ActiveCfg = Debug|Any CPU
		{1C5275A5-BA02-43AD-BDEB-8D015164C35E}.Debug|Any CPU.Build.0 = Debug|Any CPU
		{1C5275A5-BA02-43AD-BDEB-8D015164C35E}.Release|Any CPU.ActiveCfg = Release|Any CPU
		{1C5275A5-BA02-43AD-BDEB-8D015164C35E}.Release|Any CPU.Build.0 = Release|Any CPU
		{7BD6C60C-B3C6-4A1C-87D5-D55123FB04B6}.Debug|Any CPU.ActiveCfg = Debug|Any CPU
		{7BD6C60C-B3C6-4A1C-87D5-D55123FB04B6}.Debug|Any CPU.Build.0 = Debug|Any CPU
		{7BD6C60C-B3C6-4A1C-87D5-D55123FB04B6}.Release|Any CPU.ActiveCfg = Release|Any CPU
		{7BD6C60C-B3C6-4A1C-87D5-D55123FB04B6}.Release|Any CPU.Build.0 = Release|Any CPU
		{351DEFE3-BCBB-4065-AA1D-69A80FBD52AD}.Debug|Any CPU.ActiveCfg = Debug|Any CPU
		{351DEFE3-BCBB-4065-AA1D-69A80FBD52AD}.Debug|Any CPU.Build.0 = Debug|Any CPU
		{351DEFE3-BCBB-4065-AA1D-69A80FBD52AD}.Release|Any CPU.ActiveCfg = Release|Any CPU
		{351DEFE3-BCBB-4065-AA1D-69A80FBD52AD}.Release|Any CPU.Build.0 = Release|Any CPU
	EndGlobalSection
	GlobalSection(SolutionProperties) = preSolution
		HideSolutionNode = FALSE
	EndGlobalSection
	GlobalSection(ExtensibilityGlobals) = postSolution
		SolutionGuid = {19D1366D-40DA-4B4D-A206-4870A68FB27F}
	EndGlobalSection
EndGlobal
