
Microsoft Visual Studio Solution File, Format Version 12.00
# Visual Studio Version 17
VisualStudioVersion = 17.3.32804.467
MinimumVisualStudioVersion = 10.0.40219.1
Project("{FAE04EC0-301F-11D3-BF4B-00C04F79EFBC}") = "SecurityIdentity", "SecurityIdentity\SecurityIdentity.csproj", "{659BF73D-2238-4276-B960-B2FE9D88DBF4}"
EndProject
Global
	GlobalSection(SolutionConfigurationPlatforms) = preSolution
		Debug|Any CPU = Debug|Any CPU
		Release|Any CPU = Release|Any CPU
	EndGlobalSection
	GlobalSection(ProjectConfigurationPlatforms) = postSolution
		{659BF73D-2238-4276-B960-B2FE9D88DBF4}.Debug|Any CPU.ActiveCfg = Debug|Any CPU
		{659BF73D-2238-4276-B960-B2FE9D88DBF4}.Debug|Any CPU.Build.0 = Debug|Any CPU
		{659BF73D-2238-4276-B960-B2FE9D88DBF4}.Release|Any CPU.ActiveCfg = Release|Any CPU
		{659BF73D-2238-4276-B960-B2FE9D88DBF4}.Release|Any CPU.Build.0 = Release|Any CPU
	EndGlobalSection
	GlobalSection(SolutionProperties) = preSolution
		HideSolutionNode = FALSE
	EndGlobalSection
	GlobalSection(ExtensibilityGlobals) = postSolution
		SolutionGuid = {F1B963B9-2100-4F2F-AC50-E7183F1DB4B3}
	EndGlobalSection
EndGlobal
