
Microsoft Visual Studio Solution File, Format Version 12.00
# Visual Studio Version 16
VisualStudioVersion = 16.0.30907.101
MinimumVisualStudioVersion = 10.0.40219.1
Project("{FAE04EC0-301F-11D3-BF4B-00C04F79EFBC}") = "01Car", "01Car\01Car.csproj", "{4862DCAD-A086-484A-BA47-DD882C565983}"
EndProject
Global
	GlobalSection(SolutionConfigurationPlatforms) = preSolution
		Debug|Any CPU = Debug|Any CPU
		Release|Any CPU = Release|Any CPU
	EndGlobalSection
	GlobalSection(ProjectConfigurationPlatforms) = postSolution
		{4862DCAD-A086-484A-BA47-DD882C565983}.Debug|Any CPU.ActiveCfg = Debug|Any CPU
		{4862DCAD-A086-484A-BA47-DD882C565983}.Debug|Any CPU.Build.0 = Debug|Any CPU
		{4862DCAD-A086-484A-BA47-DD882C565983}.Release|Any CPU.ActiveCfg = Release|Any CPU
		{4862DCAD-A086-484A-BA47-DD882C565983}.Release|Any CPU.Build.0 = Release|Any CPU
	EndGlobalSection
	GlobalSection(SolutionProperties) = preSolution
		HideSolutionNode = FALSE
	EndGlobalSection
	GlobalSection(ExtensibilityGlobals) = postSolution
		SolutionGuid = {0F70DB9E-805A-4043-8CC7-35D65AAE56AF}
	EndGlobalSection
EndGlobal
