
Microsoft Visual Studio Solution File, Format Version 12.00
# Visual Studio Version 16
VisualStudioVersion = 16.0.30907.101
MinimumVisualStudioVersion = 10.0.40219.1
Project("{9A19103F-16F7-4668-BE54-9A1E7A4F7556}") = "P01_HospitalDatabase", "1. Hospital Database\P01_HospitalDatabase.csproj", "{B8710864-9B0A-4B52-BB3F-71C4D4713859}"
EndProject
Project("{FAE04EC0-301F-11D3-BF4B-00C04F79EFBC}") = "P03_SalesDatabase", "P03_SalesDatabase\P03_SalesDatabase.csproj", "{2115A6F3-3BEB-46BE-8512-63AAD0B1993E}"
EndProject
Global
	GlobalSection(SolutionConfigurationPlatforms) = preSolution
		Debug|Any CPU = Debug|Any CPU
		Release|Any CPU = Release|Any CPU
	EndGlobalSection
	GlobalSection(ProjectConfigurationPlatforms) = postSolution
		{B8710864-9B0A-4B52-BB3F-71C4D4713859}.Debug|Any CPU.ActiveCfg = Debug|Any CPU
		{B8710864-9B0A-4B52-BB3F-71C4D4713859}.Debug|Any CPU.Build.0 = Debug|Any CPU
		{B8710864-9B0A-4B52-BB3F-71C4D4713859}.Release|Any CPU.ActiveCfg = Release|Any CPU
		{B8710864-9B0A-4B52-BB3F-71C4D4713859}.Release|Any CPU.Build.0 = Release|Any CPU
		{2115A6F3-3BEB-46BE-8512-63AAD0B1993E}.Debug|Any CPU.ActiveCfg = Debug|Any CPU
		{2115A6F3-3BEB-46BE-8512-63AAD0B1993E}.Debug|Any CPU.Build.0 = Debug|Any CPU
		{2115A6F3-3BEB-46BE-8512-63AAD0B1993E}.Release|Any CPU.ActiveCfg = Release|Any CPU
		{2115A6F3-3BEB-46BE-8512-63AAD0B1993E}.Release|Any CPU.Build.0 = Release|Any CPU
	EndGlobalSection
	GlobalSection(SolutionProperties) = preSolution
		HideSolutionNode = FALSE
	EndGlobalSection
	GlobalSection(ExtensibilityGlobals) = postSolution
		SolutionGuid = {371140D0-B154-4481-BB5E-41411E7FAC87}
	EndGlobalSection
EndGlobal
