
Microsoft Visual Studio Solution File, Format Version 12.00
# Visual Studio Version 16
VisualStudioVersion = 16.0.30907.101
MinimumVisualStudioVersion = 10.0.40219.1
Project("{FAE04EC0-301F-11D3-BF4B-00C04F79EFBC}") = "01Bombs", "01Bombs\01Bombs.csproj", "{D1189D58-7A05-4015-BDD3-B5E6F0E0B295}"
EndProject
Global
	GlobalSection(SolutionConfigurationPlatforms) = preSolution
		Debug|Any CPU = Debug|Any CPU
		Release|Any CPU = Release|Any CPU
	EndGlobalSection
	GlobalSection(ProjectConfigurationPlatforms) = postSolution
		{D1189D58-7A05-4015-BDD3-B5E6F0E0B295}.Debug|Any CPU.ActiveCfg = Debug|Any CPU
		{D1189D58-7A05-4015-BDD3-B5E6F0E0B295}.Debug|Any CPU.Build.0 = Debug|Any CPU
		{D1189D58-7A05-4015-BDD3-B5E6F0E0B295}.Release|Any CPU.ActiveCfg = Release|Any CPU
		{D1189D58-7A05-4015-BDD3-B5E6F0E0B295}.Release|Any CPU.Build.0 = Release|Any CPU
	EndGlobalSection
	GlobalSection(SolutionProperties) = preSolution
		HideSolutionNode = FALSE
	EndGlobalSection
	GlobalSection(ExtensibilityGlobals) = postSolution
		SolutionGuid = {7B09B90F-B1C3-4E43-8971-996CC167BCFD}
	EndGlobalSection
EndGlobal
