
Microsoft Visual Studio Solution File, Format Version 12.00
# Visual Studio Version 16
VisualStudioVersion = 16.0.30907.101
MinimumVisualStudioVersion = 10.0.40219.1
Project("{FAE04EC0-301F-11D3-BF4B-00C04F79EFBC}") = "01.PasswordReset", "01.PasswordReset\01.PasswordReset.csproj", "{4E9BFC53-9DD0-4796-A1E4-C5B68DBB7CC3}"
EndProject
Project("{FAE04EC0-301F-11D3-BF4B-00C04F79EFBC}") = "02.FancyBarcodes", "02.FancyBarcodes\02.FancyBarcodes.csproj", "{DD235E77-E2D4-4237-B3E7-4FB94ED1F64E}"
EndProject
Project("{FAE04EC0-301F-11D3-BF4B-00C04F79EFBC}") = "03.HeroesOfCodeAndLogicVII", "03.HeroesOfCodeAndLogicVII\03.HeroesOfCodeAndLogicVII.csproj", "{DDD51D23-7102-48ED-90B1-92DE3CDDB703}"
EndProject
Global
	GlobalSection(SolutionConfigurationPlatforms) = preSolution
		Debug|Any CPU = Debug|Any CPU
		Release|Any CPU = Release|Any CPU
	EndGlobalSection
	GlobalSection(ProjectConfigurationPlatforms) = postSolution
		{4E9BFC53-9DD0-4796-A1E4-C5B68DBB7CC3}.Debug|Any CPU.ActiveCfg = Debug|Any CPU
		{4E9BFC53-9DD0-4796-A1E4-C5B68DBB7CC3}.Debug|Any CPU.Build.0 = Debug|Any CPU
		{4E9BFC53-9DD0-4796-A1E4-C5B68DBB7CC3}.Release|Any CPU.ActiveCfg = Release|Any CPU
		{4E9BFC53-9DD0-4796-A1E4-C5B68DBB7CC3}.Release|Any CPU.Build.0 = Release|Any CPU
		{DD235E77-E2D4-4237-B3E7-4FB94ED1F64E}.Debug|Any CPU.ActiveCfg = Debug|Any CPU
		{DD235E77-E2D4-4237-B3E7-4FB94ED1F64E}.Debug|Any CPU.Build.0 = Debug|Any CPU
		{DD235E77-E2D4-4237-B3E7-4FB94ED1F64E}.Release|Any CPU.ActiveCfg = Release|Any CPU
		{DD235E77-E2D4-4237-B3E7-4FB94ED1F64E}.Release|Any CPU.Build.0 = Release|Any CPU
		{DDD51D23-7102-48ED-90B1-92DE3CDDB703}.Debug|Any CPU.ActiveCfg = Debug|Any CPU
		{DDD51D23-7102-48ED-90B1-92DE3CDDB703}.Debug|Any CPU.Build.0 = Debug|Any CPU
		{DDD51D23-7102-48ED-90B1-92DE3CDDB703}.Release|Any CPU.ActiveCfg = Release|Any CPU
		{DDD51D23-7102-48ED-90B1-92DE3CDDB703}.Release|Any CPU.Build.0 = Release|Any CPU
	EndGlobalSection
	GlobalSection(SolutionProperties) = preSolution
		HideSolutionNode = FALSE
	EndGlobalSection
	GlobalSection(ExtensibilityGlobals) = postSolution
		SolutionGuid = {B0259D73-201D-4C29-B0E2-772FF8E071F7}
	EndGlobalSection
EndGlobal
