
Microsoft Visual Studio Solution File, Format Version 12.00
# Visual Studio Version 17
VisualStudioVersion = 17.4.33205.214
MinimumVisualStudioVersion = 10.0.40219.1
Project("{9A19103F-16F7-4668-BE54-9A1E7A4F7556}") = "LinkedLists", "Subsequences\LinkedLists.csproj", "{DA88970D-EFF3-4D04-8360-415B70255EA1}"
EndProject
Project("{9A19103F-16F7-4668-BE54-9A1E7A4F7556}") = "Vector", "Vector\Vector.csproj", "{D0240CB9-4302-4BDB-B052-078F695A765B}"
EndProject
Project("{9A19103F-16F7-4668-BE54-9A1E7A4F7556}") = "Graph - Connected components", "Graph - Connected components\Graph - Connected components.csproj", "{FBC68534-8965-4977-9147-92E57E139E4E}"
EndProject
Project("{9A19103F-16F7-4668-BE54-9A1E7A4F7556}") = "Topological Sorting", "Topological Sorting\Topological Sorting.csproj", "{B7D965BC-192B-449C-9DB4-4100BAEDA9C4}"
EndProject
Project("{FAE04EC0-301F-11D3-BF4B-00C04F79EFBC}") = "ReversedString", "ReversedString\ReversedString.csproj", "{CFED16FF-D86E-4DE2-8747-1D31E0EC0DC1}"
EndProject
Global
	GlobalSection(SolutionConfigurationPlatforms) = preSolution
		Debug|Any CPU = Debug|Any CPU
		Release|Any CPU = Release|Any CPU
	EndGlobalSection
	GlobalSection(ProjectConfigurationPlatforms) = postSolution
		{DA88970D-EFF3-4D04-8360-415B70255EA1}.Debug|Any CPU.ActiveCfg = Debug|Any CPU
		{DA88970D-EFF3-4D04-8360-415B70255EA1}.Debug|Any CPU.Build.0 = Debug|Any CPU
		{DA88970D-EFF3-4D04-8360-415B70255EA1}.Release|Any CPU.ActiveCfg = Release|Any CPU
		{DA88970D-EFF3-4D04-8360-415B70255EA1}.Release|Any CPU.Build.0 = Release|Any CPU
		{D0240CB9-4302-4BDB-B052-078F695A765B}.Debug|Any CPU.ActiveCfg = Debug|Any CPU
		{D0240CB9-4302-4BDB-B052-078F695A765B}.Debug|Any CPU.Build.0 = Debug|Any CPU
		{D0240CB9-4302-4BDB-B052-078F695A765B}.Release|Any CPU.ActiveCfg = Release|Any CPU
		{D0240CB9-4302-4BDB-B052-078F695A765B}.Release|Any CPU.Build.0 = Release|Any CPU
		{FBC68534-8965-4977-9147-92E57E139E4E}.Debug|Any CPU.ActiveCfg = Debug|Any CPU
		{FBC68534-8965-4977-9147-92E57E139E4E}.Debug|Any CPU.Build.0 = Debug|Any CPU
		{FBC68534-8965-4977-9147-92E57E139E4E}.Release|Any CPU.ActiveCfg = Release|Any CPU
		{FBC68534-8965-4977-9147-92E57E139E4E}.Release|Any CPU.Build.0 = Release|Any CPU
		{B7D965BC-192B-449C-9DB4-4100BAEDA9C4}.Debug|Any CPU.ActiveCfg = Debug|Any CPU
		{B7D965BC-192B-449C-9DB4-4100BAEDA9C4}.Debug|Any CPU.Build.0 = Debug|Any CPU
		{B7D965BC-192B-449C-9DB4-4100BAEDA9C4}.Release|Any CPU.ActiveCfg = Release|Any CPU
		{B7D965BC-192B-449C-9DB4-4100BAEDA9C4}.Release|Any CPU.Build.0 = Release|Any CPU
		{CFED16FF-D86E-4DE2-8747-1D31E0EC0DC1}.Debug|Any CPU.ActiveCfg = Debug|Any CPU
		{CFED16FF-D86E-4DE2-8747-1D31E0EC0DC1}.Debug|Any CPU.Build.0 = Debug|Any CPU
		{CFED16FF-D86E-4DE2-8747-1D31E0EC0DC1}.Release|Any CPU.ActiveCfg = Release|Any CPU
		{CFED16FF-D86E-4DE2-8747-1D31E0EC0DC1}.Release|Any CPU.Build.0 = Release|Any CPU
	EndGlobalSection
	GlobalSection(SolutionProperties) = preSolution
		HideSolutionNode = FALSE
	EndGlobalSection
	GlobalSection(ExtensibilityGlobals) = postSolution
		SolutionGuid = {9B959896-BA7F-405B-922A-7C5BAD92EF52}
	EndGlobalSection
EndGlobal
