
Microsoft Visual Studio Solution File, Format Version 12.00
# Visual Studio Version 16
VisualStudioVersion = 16.0.30907.101
MinimumVisualStudioVersion = 10.0.40219.1
Project("{9A19103F-16F7-4668-BE54-9A1E7A4F7556}") = "P01_StudentSystem", "P01_StudentSystem\P01_StudentSystem.csproj", "{DF42B48C-1DA4-4C23-B101-CE175982BDCD}"
EndProject
Project("{FAE04EC0-301F-11D3-BF4B-00C04F79EFBC}") = "P03_FootballBetting", "P03_FootballBetting\P03_FootballBetting.csproj", "{07D6E417-E19C-42E5-81EC-73DA2E157C66}"
EndProject
Global
	GlobalSection(SolutionConfigurationPlatforms) = preSolution
		Debug|Any CPU = Debug|Any CPU
		Release|Any CPU = Release|Any CPU
	EndGlobalSection
	GlobalSection(ProjectConfigurationPlatforms) = postSolution
		{DF42B48C-1DA4-4C23-B101-CE175982BDCD}.Debug|Any CPU.ActiveCfg = Debug|Any CPU
		{DF42B48C-1DA4-4C23-B101-CE175982BDCD}.Debug|Any CPU.Build.0 = Debug|Any CPU
		{DF42B48C-1DA4-4C23-B101-CE175982BDCD}.Release|Any CPU.ActiveCfg = Release|Any CPU
		{DF42B48C-1DA4-4C23-B101-CE175982BDCD}.Release|Any CPU.Build.0 = Release|Any CPU
		{07D6E417-E19C-42E5-81EC-73DA2E157C66}.Debug|Any CPU.ActiveCfg = Debug|Any CPU
		{07D6E417-E19C-42E5-81EC-73DA2E157C66}.Debug|Any CPU.Build.0 = Debug|Any CPU
		{07D6E417-E19C-42E5-81EC-73DA2E157C66}.Release|Any CPU.ActiveCfg = Release|Any CPU
		{07D6E417-E19C-42E5-81EC-73DA2E157C66}.Release|Any CPU.Build.0 = Release|Any CPU
	EndGlobalSection
	GlobalSection(SolutionProperties) = preSolution
		HideSolutionNode = FALSE
	EndGlobalSection
	GlobalSection(ExtensibilityGlobals) = postSolution
		SolutionGuid = {D0E710D1-3626-4FDE-A91D-87723017C620}
	EndGlobalSection
EndGlobal
