
Microsoft Visual Studio Solution File, Format Version 12.00
# Visual Studio Version 16
VisualStudioVersion = 16.0.30907.101
MinimumVisualStudioVersion = 10.0.40219.1
Project("{FAE04EC0-301F-11D3-BF4B-00C04F79EFBC}") = "01Demo", "01Demo\01Demo.csproj", "{657ECEF9-5DD5-47F4-831C-74957FAC0CE8}"
EndProject
Project("{FAE04EC0-301F-11D3-BF4B-00C04F79EFBC}") = "02CRUD", "02\02CRUD.csproj", "{4475DC6F-FFAA-44A7-A843-038C297D2B01}"
EndProject
Global
	GlobalSection(SolutionConfigurationPlatforms) = preSolution
		Debug|Any CPU = Debug|Any CPU
		Release|Any CPU = Release|Any CPU
	EndGlobalSection
	GlobalSection(ProjectConfigurationPlatforms) = postSolution
		{657ECEF9-5DD5-47F4-831C-74957FAC0CE8}.Debug|Any CPU.ActiveCfg = Debug|Any CPU
		{657ECEF9-5DD5-47F4-831C-74957FAC0CE8}.Debug|Any CPU.Build.0 = Debug|Any CPU
		{657ECEF9-5DD5-47F4-831C-74957FAC0CE8}.Release|Any CPU.ActiveCfg = Release|Any CPU
		{657ECEF9-5DD5-47F4-831C-74957FAC0CE8}.Release|Any CPU.Build.0 = Release|Any CPU
		{4475DC6F-FFAA-44A7-A843-038C297D2B01}.Debug|Any CPU.ActiveCfg = Debug|Any CPU
		{4475DC6F-FFAA-44A7-A843-038C297D2B01}.Debug|Any CPU.Build.0 = Debug|Any CPU
		{4475DC6F-FFAA-44A7-A843-038C297D2B01}.Release|Any CPU.ActiveCfg = Release|Any CPU
		{4475DC6F-FFAA-44A7-A843-038C297D2B01}.Release|Any CPU.Build.0 = Release|Any CPU
	EndGlobalSection
	GlobalSection(SolutionProperties) = preSolution
		HideSolutionNode = FALSE
	EndGlobalSection
	GlobalSection(ExtensibilityGlobals) = postSolution
		SolutionGuid = {F09E73BA-0DA6-4FD4-BBDC-3085F2428C8D}
	EndGlobalSection
EndGlobal
