
Microsoft Visual Studio Solution File, Format Version 12.00
# Visual Studio Version 16
VisualStudioVersion = 16.0.30907.101
MinimumVisualStudioVersion = 10.0.40219.1
Project("{FAE04EC0-301F-11D3-BF4B-00C04F79EFBC}") = "01.SecretChat", "01.SecretChat\01.SecretChat.csproj", "{B4836121-BAFD-44C9-B5CB-B3DDA471537D}"
EndProject
Project("{FAE04EC0-301F-11D3-BF4B-00C04F79EFBC}") = "02.MirrorWords", "02.MirrorWords\02.MirrorWords.csproj", "{8C559BCE-C170-4187-846A-C37E4FD8D90E}"
EndProject
Project("{FAE04EC0-301F-11D3-BF4B-00C04F79EFBC}") = "03.NeedForSpeedIII", "03.NeedForSpeedIII\03.NeedForSpeedIII.csproj", "{23C0F0F4-A0B8-4F59-84E8-0330E60E3DEB}"
EndProject
Global
	GlobalSection(SolutionConfigurationPlatforms) = preSolution
		Debug|Any CPU = Debug|Any CPU
		Release|Any CPU = Release|Any CPU
	EndGlobalSection
	GlobalSection(ProjectConfigurationPlatforms) = postSolution
		{B4836121-BAFD-44C9-B5CB-B3DDA471537D}.Debug|Any CPU.ActiveCfg = Debug|Any CPU
		{B4836121-BAFD-44C9-B5CB-B3DDA471537D}.Debug|Any CPU.Build.0 = Debug|Any CPU
		{B4836121-BAFD-44C9-B5CB-B3DDA471537D}.Release|Any CPU.ActiveCfg = Release|Any CPU
		{B4836121-BAFD-44C9-B5CB-B3DDA471537D}.Release|Any CPU.Build.0 = Release|Any CPU
		{8C559BCE-C170-4187-846A-C37E4FD8D90E}.Debug|Any CPU.ActiveCfg = Debug|Any CPU
		{8C559BCE-C170-4187-846A-C37E4FD8D90E}.Debug|Any CPU.Build.0 = Debug|Any CPU
		{8C559BCE-C170-4187-846A-C37E4FD8D90E}.Release|Any CPU.ActiveCfg = Release|Any CPU
		{8C559BCE-C170-4187-846A-C37E4FD8D90E}.Release|Any CPU.Build.0 = Release|Any CPU
		{23C0F0F4-A0B8-4F59-84E8-0330E60E3DEB}.Debug|Any CPU.ActiveCfg = Debug|Any CPU
		{23C0F0F4-A0B8-4F59-84E8-0330E60E3DEB}.Debug|Any CPU.Build.0 = Debug|Any CPU
		{23C0F0F4-A0B8-4F59-84E8-0330E60E3DEB}.Release|Any CPU.ActiveCfg = Release|Any CPU
		{23C0F0F4-A0B8-4F59-84E8-0330E60E3DEB}.Release|Any CPU.Build.0 = Release|Any CPU
	EndGlobalSection
	GlobalSection(SolutionProperties) = preSolution
		HideSolutionNode = FALSE
	EndGlobalSection
	GlobalSection(ExtensibilityGlobals) = postSolution
		SolutionGuid = {EFEC7BE4-222C-4C72-9748-BBBFE5531817}
	EndGlobalSection
EndGlobal
