
Microsoft Visual Studio Solution File, Format Version 12.00
# Visual Studio Version 16
VisualStudioVersion = 16.0.30907.101
MinimumVisualStudioVersion = 10.0.40219.1
Project("{9A19103F-16F7-4668-BE54-9A1E7A4F7556}") = "01.SortEvenNumbers", "01.SortEvenNumbers\01.SortEvenNumbers.csproj", "{2336384D-D903-41F5-9381-F3D23FFAC110}"
EndProject
Project("{9A19103F-16F7-4668-BE54-9A1E7A4F7556}") = "02.SumNumbers", "02.SumNumbers\02.SumNumbers.csproj", "{E08CBDB3-1B74-41DD-8051-04766D6347D8}"
EndProject
Project("{9A19103F-16F7-4668-BE54-9A1E7A4F7556}") = "03.CountUppercaseWords", "03.CountUppercaseWords\03.CountUppercaseWords.csproj", "{6FD22F05-6646-4EF4-BD11-4500E37A9B81}"
EndProject
Project("{9A19103F-16F7-4668-BE54-9A1E7A4F7556}") = "04.AddVAT", "04.AddVAT\04.AddVAT.csproj", "{B04B7E63-EEF4-4B37-8D41-F30F10D8958C}"
EndProject
Project("{FAE04EC0-301F-11D3-BF4B-00C04F79EFBC}") = "05.FilterByAge", "05.FilterByAge\05.FilterByAge.csproj", "{F6E07B52-0A9C-4DEA-A8D9-0654A623C91F}"
EndProject
Global
	GlobalSection(SolutionConfigurationPlatforms) = preSolution
		Debug|Any CPU = Debug|Any CPU
		Release|Any CPU = Release|Any CPU
	EndGlobalSection
	GlobalSection(ProjectConfigurationPlatforms) = postSolution
		{2336384D-D903-41F5-9381-F3D23FFAC110}.Debug|Any CPU.ActiveCfg = Debug|Any CPU
		{2336384D-D903-41F5-9381-F3D23FFAC110}.Debug|Any CPU.Build.0 = Debug|Any CPU
		{2336384D-D903-41F5-9381-F3D23FFAC110}.Release|Any CPU.ActiveCfg = Release|Any CPU
		{2336384D-D903-41F5-9381-F3D23FFAC110}.Release|Any CPU.Build.0 = Release|Any CPU
		{E08CBDB3-1B74-41DD-8051-04766D6347D8}.Debug|Any CPU.ActiveCfg = Debug|Any CPU
		{E08CBDB3-1B74-41DD-8051-04766D6347D8}.Debug|Any CPU.Build.0 = Debug|Any CPU
		{E08CBDB3-1B74-41DD-8051-04766D6347D8}.Release|Any CPU.ActiveCfg = Release|Any CPU
		{E08CBDB3-1B74-41DD-8051-04766D6347D8}.Release|Any CPU.Build.0 = Release|Any CPU
		{6FD22F05-6646-4EF4-BD11-4500E37A9B81}.Debug|Any CPU.ActiveCfg = Debug|Any CPU
		{6FD22F05-6646-4EF4-BD11-4500E37A9B81}.Debug|Any CPU.Build.0 = Debug|Any CPU
		{6FD22F05-6646-4EF4-BD11-4500E37A9B81}.Release|Any CPU.ActiveCfg = Release|Any CPU
		{6FD22F05-6646-4EF4-BD11-4500E37A9B81}.Release|Any CPU.Build.0 = Release|Any CPU
		{B04B7E63-EEF4-4B37-8D41-F30F10D8958C}.Debug|Any CPU.ActiveCfg = Debug|Any CPU
		{B04B7E63-EEF4-4B37-8D41-F30F10D8958C}.Debug|Any CPU.Build.0 = Debug|Any CPU
		{B04B7E63-EEF4-4B37-8D41-F30F10D8958C}.Release|Any CPU.ActiveCfg = Release|Any CPU
		{B04B7E63-EEF4-4B37-8D41-F30F10D8958C}.Release|Any CPU.Build.0 = Release|Any CPU
		{F6E07B52-0A9C-4DEA-A8D9-0654A623C91F}.Debug|Any CPU.ActiveCfg = Debug|Any CPU
		{F6E07B52-0A9C-4DEA-A8D9-0654A623C91F}.Debug|Any CPU.Build.0 = Debug|Any CPU
		{F6E07B52-0A9C-4DEA-A8D9-0654A623C91F}.Release|Any CPU.ActiveCfg = Release|Any CPU
		{F6E07B52-0A9C-4DEA-A8D9-0654A623C91F}.Release|Any CPU.Build.0 = Release|Any CPU
	EndGlobalSection
	GlobalSection(SolutionProperties) = preSolution
		HideSolutionNode = FALSE
	EndGlobalSection
	GlobalSection(ExtensibilityGlobals) = postSolution
		SolutionGuid = {18AFC7E1-27AB-4CB0-B6FA-792A74C20338}
	EndGlobalSection
EndGlobal
