
Microsoft Visual Studio Solution File, Format Version 12.00
# Visual Studio Version 16
VisualStudioVersion = 16.0.31911.196
MinimumVisualStudioVersion = 10.0.40219.1
Project("{9A19103F-16F7-4668-BE54-9A1E7A4F7556}") = "01TBC", "01TBC\01TBC.csproj", "{BFD7F2E6-7A2C-4C2E-8138-187B592B1F5D}"
EndProject
Project("{9A19103F-16F7-4668-BE54-9A1E7A4F7556}") = "03PathFinder", "03PathFinder\03PathFinder.csproj", "{78E88D0A-35F1-441D-B1DD-47B244978529}"
EndProject
Project("{9A19103F-16F7-4668-BE54-9A1E7A4F7556}") = "00", "00\00.csproj", "{A60783E7-5080-42EF-B3C5-6FDE0CC24350}"
EndProject
Project("{FAE04EC0-301F-11D3-BF4B-00C04F79EFBC}") = "02Socks", "02Socks\02Socks.csproj", "{88D13897-F609-47F0-B3B0-BEC74BEC4089}"
EndProject
Global
	GlobalSection(SolutionConfigurationPlatforms) = preSolution
		Debug|Any CPU = Debug|Any CPU
		Release|Any CPU = Release|Any CPU
	EndGlobalSection
	GlobalSection(ProjectConfigurationPlatforms) = postSolution
		{BFD7F2E6-7A2C-4C2E-8138-187B592B1F5D}.Debug|Any CPU.ActiveCfg = Debug|Any CPU
		{BFD7F2E6-7A2C-4C2E-8138-187B592B1F5D}.Debug|Any CPU.Build.0 = Debug|Any CPU
		{BFD7F2E6-7A2C-4C2E-8138-187B592B1F5D}.Release|Any CPU.ActiveCfg = Release|Any CPU
		{BFD7F2E6-7A2C-4C2E-8138-187B592B1F5D}.Release|Any CPU.Build.0 = Release|Any CPU
		{78E88D0A-35F1-441D-B1DD-47B244978529}.Debug|Any CPU.ActiveCfg = Debug|Any CPU
		{78E88D0A-35F1-441D-B1DD-47B244978529}.Debug|Any CPU.Build.0 = Debug|Any CPU
		{78E88D0A-35F1-441D-B1DD-47B244978529}.Release|Any CPU.ActiveCfg = Release|Any CPU
		{78E88D0A-35F1-441D-B1DD-47B244978529}.Release|Any CPU.Build.0 = Release|Any CPU
		{A60783E7-5080-42EF-B3C5-6FDE0CC24350}.Debug|Any CPU.ActiveCfg = Debug|Any CPU
		{A60783E7-5080-42EF-B3C5-6FDE0CC24350}.Debug|Any CPU.Build.0 = Debug|Any CPU
		{A60783E7-5080-42EF-B3C5-6FDE0CC24350}.Release|Any CPU.ActiveCfg = Release|Any CPU
		{A60783E7-5080-42EF-B3C5-6FDE0CC24350}.Release|Any CPU.Build.0 = Release|Any CPU
		{88D13897-F609-47F0-B3B0-BEC74BEC4089}.Debug|Any CPU.ActiveCfg = Debug|Any CPU
		{88D13897-F609-47F0-B3B0-BEC74BEC4089}.Debug|Any CPU.Build.0 = Debug|Any CPU
		{88D13897-F609-47F0-B3B0-BEC74BEC4089}.Release|Any CPU.ActiveCfg = Release|Any CPU
		{88D13897-F609-47F0-B3B0-BEC74BEC4089}.Release|Any CPU.Build.0 = Release|Any CPU
	EndGlobalSection
	GlobalSection(SolutionProperties) = preSolution
		HideSolutionNode = FALSE
	EndGlobalSection
	GlobalSection(ExtensibilityGlobals) = postSolution
		SolutionGuid = {A86F45F5-BD0A-45F7-A4D4-1921DC693C68}
	EndGlobalSection
EndGlobal
