
Microsoft Visual Studio Solution File, Format Version 12.00
# Visual Studio Version 16
VisualStudioVersion = 16.0.30907.101
MinimumVisualStudioVersion = 10.0.40219.1
<<<<<<< HEAD
Project("{FAE04EC0-301F-11D3-BF4B-00C04F79EFBC}") = "01.ActionPrint", "01.ActionPrint\01.ActionPrint.csproj", "{96232748-DFDD-4D9F-AC5F-89694417CF8D}"
EndProject
Project("{FAE04EC0-301F-11D3-BF4B-00C04F79EFBC}") = "02.KnightsHonor", "02.KnightsHonor\02.KnightsHonor.csproj", "{4E3C7C7D-A117-4C20-AEEE-216ADD8C9AE6}"
EndProject
Project("{FAE04EC0-301F-11D3-BF4B-00C04F79EFBC}") = "03CustomMinFunc", "03CustomMinFunc\03CustomMinFunc.csproj", "{38F69145-2653-4D07-BE1D-2F2BF89C955C}"
=======
Project("{FAE04EC0-301F-11D3-BF4B-00C04F79EFBC}") = "01.ActionPrint", "01.ActionPrint\01.ActionPrint.csproj", "{8F1E2492-18B1-4A59-9E09-87C6F17CC8CF}"
EndProject
Project("{FAE04EC0-301F-11D3-BF4B-00C04F79EFBC}") = "02.KnightsofHonor", "02.KnightsofHonor\02.KnightsofHonor.csproj", "{7E4C54C1-D44A-4B93-822B-5901C2B398CA}"
EndProject
Project("{FAE04EC0-301F-11D3-BF4B-00C04F79EFBC}") = "03.CustomMinFunction", "03.CustomMinFunction\03.CustomMinFunction.csproj", "{527628BC-7997-4E88-8D4B-FA193E840F75}"
EndProject
Project("{FAE04EC0-301F-11D3-BF4B-00C04F79EFBC}") = "04.FindEvensorOdds", "04.FindEvensorOdds\04.FindEvensorOdds.csproj", "{A4E05C34-7CE7-497A-A977-0E346DDA75F9}"
EndProject
Project("{FAE04EC0-301F-11D3-BF4B-00C04F79EFBC}") = "05.AppliedArithmetics", "05.AppliedArithmetics\05.AppliedArithmetics.csproj", "{1EFFDFE5-9227-4BCE-8956-9E29A0803B3E}"
EndProject
Project("{FAE04EC0-301F-11D3-BF4B-00C04F79EFBC}") = "demo", "demo\demo.csproj", "{BF8A5CA4-5EF6-43D6-9C3F-55CFDEF81DFF}"
EndProject
Project("{FAE04EC0-301F-11D3-BF4B-00C04F79EFBC}") = "06.ReverseAndExclude", "06.ReverseAndExclude\06.ReverseAndExclude.csproj", "{E5E04642-3A50-4C2F-A5EF-A9FCA9ED290C}"
EndProject
Project("{FAE04EC0-301F-11D3-BF4B-00C04F79EFBC}") = "07.PredicateForNames", "07.PredicateForNames\07.PredicateForNames.csproj", "{2B5245C0-1505-4182-A991-0C17B4EEE9BF}"
EndProject
Project("{FAE04EC0-301F-11D3-BF4B-00C04F79EFBC}") = "08.CustomComparator", "08.CustomComparator\08.CustomComparator.csproj", "{501E4A80-A667-4820-8B74-41E1C668CE80}"
EndProject
Project("{FAE04EC0-301F-11D3-BF4B-00C04F79EFBC}") = "09.ListOfPredicates", "09.ListOfPredicates\09.ListOfPredicates.csproj", "{BC2AF09E-A153-4237-93C0-484C70426A8D}"
EndProject
Project("{FAE04EC0-301F-11D3-BF4B-00C04F79EFBC}") = "10.PredicateParty!", "10.PredicateParty!\10.PredicateParty!.csproj", "{09B24238-A92B-495B-9ED1-702E23C74A94}"
>>>>>>> 09d122f1daa097e79ea3709b8fe3e138d175333d
EndProject
Global
	GlobalSection(SolutionConfigurationPlatforms) = preSolution
		Debug|Any CPU = Debug|Any CPU
		Release|Any CPU = Release|Any CPU
	EndGlobalSection
	GlobalSection(ProjectConfigurationPlatforms) = postSolution
<<<<<<< HEAD
		{96232748-DFDD-4D9F-AC5F-89694417CF8D}.Debug|Any CPU.ActiveCfg = Debug|Any CPU
		{96232748-DFDD-4D9F-AC5F-89694417CF8D}.Debug|Any CPU.Build.0 = Debug|Any CPU
		{96232748-DFDD-4D9F-AC5F-89694417CF8D}.Release|Any CPU.ActiveCfg = Release|Any CPU
		{96232748-DFDD-4D9F-AC5F-89694417CF8D}.Release|Any CPU.Build.0 = Release|Any CPU
		{4E3C7C7D-A117-4C20-AEEE-216ADD8C9AE6}.Debug|Any CPU.ActiveCfg = Debug|Any CPU
		{4E3C7C7D-A117-4C20-AEEE-216ADD8C9AE6}.Debug|Any CPU.Build.0 = Debug|Any CPU
		{4E3C7C7D-A117-4C20-AEEE-216ADD8C9AE6}.Release|Any CPU.ActiveCfg = Release|Any CPU
		{4E3C7C7D-A117-4C20-AEEE-216ADD8C9AE6}.Release|Any CPU.Build.0 = Release|Any CPU
		{38F69145-2653-4D07-BE1D-2F2BF89C955C}.Debug|Any CPU.ActiveCfg = Debug|Any CPU
		{38F69145-2653-4D07-BE1D-2F2BF89C955C}.Debug|Any CPU.Build.0 = Debug|Any CPU
		{38F69145-2653-4D07-BE1D-2F2BF89C955C}.Release|Any CPU.ActiveCfg = Release|Any CPU
		{38F69145-2653-4D07-BE1D-2F2BF89C955C}.Release|Any CPU.Build.0 = Release|Any CPU
=======
		{8F1E2492-18B1-4A59-9E09-87C6F17CC8CF}.Debug|Any CPU.ActiveCfg = Debug|Any CPU
		{8F1E2492-18B1-4A59-9E09-87C6F17CC8CF}.Debug|Any CPU.Build.0 = Debug|Any CPU
		{8F1E2492-18B1-4A59-9E09-87C6F17CC8CF}.Release|Any CPU.ActiveCfg = Release|Any CPU
		{8F1E2492-18B1-4A59-9E09-87C6F17CC8CF}.Release|Any CPU.Build.0 = Release|Any CPU
		{7E4C54C1-D44A-4B93-822B-5901C2B398CA}.Debug|Any CPU.ActiveCfg = Debug|Any CPU
		{7E4C54C1-D44A-4B93-822B-5901C2B398CA}.Debug|Any CPU.Build.0 = Debug|Any CPU
		{7E4C54C1-D44A-4B93-822B-5901C2B398CA}.Release|Any CPU.ActiveCfg = Release|Any CPU
		{7E4C54C1-D44A-4B93-822B-5901C2B398CA}.Release|Any CPU.Build.0 = Release|Any CPU
		{527628BC-7997-4E88-8D4B-FA193E840F75}.Debug|Any CPU.ActiveCfg = Debug|Any CPU
		{527628BC-7997-4E88-8D4B-FA193E840F75}.Debug|Any CPU.Build.0 = Debug|Any CPU
		{527628BC-7997-4E88-8D4B-FA193E840F75}.Release|Any CPU.ActiveCfg = Release|Any CPU
		{527628BC-7997-4E88-8D4B-FA193E840F75}.Release|Any CPU.Build.0 = Release|Any CPU
		{A4E05C34-7CE7-497A-A977-0E346DDA75F9}.Debug|Any CPU.ActiveCfg = Debug|Any CPU
		{A4E05C34-7CE7-497A-A977-0E346DDA75F9}.Debug|Any CPU.Build.0 = Debug|Any CPU
		{A4E05C34-7CE7-497A-A977-0E346DDA75F9}.Release|Any CPU.ActiveCfg = Release|Any CPU
		{A4E05C34-7CE7-497A-A977-0E346DDA75F9}.Release|Any CPU.Build.0 = Release|Any CPU
		{1EFFDFE5-9227-4BCE-8956-9E29A0803B3E}.Debug|Any CPU.ActiveCfg = Debug|Any CPU
		{1EFFDFE5-9227-4BCE-8956-9E29A0803B3E}.Debug|Any CPU.Build.0 = Debug|Any CPU
		{1EFFDFE5-9227-4BCE-8956-9E29A0803B3E}.Release|Any CPU.ActiveCfg = Release|Any CPU
		{1EFFDFE5-9227-4BCE-8956-9E29A0803B3E}.Release|Any CPU.Build.0 = Release|Any CPU
		{BF8A5CA4-5EF6-43D6-9C3F-55CFDEF81DFF}.Debug|Any CPU.ActiveCfg = Debug|Any CPU
		{BF8A5CA4-5EF6-43D6-9C3F-55CFDEF81DFF}.Debug|Any CPU.Build.0 = Debug|Any CPU
		{BF8A5CA4-5EF6-43D6-9C3F-55CFDEF81DFF}.Release|Any CPU.ActiveCfg = Release|Any CPU
		{BF8A5CA4-5EF6-43D6-9C3F-55CFDEF81DFF}.Release|Any CPU.Build.0 = Release|Any CPU
		{E5E04642-3A50-4C2F-A5EF-A9FCA9ED290C}.Debug|Any CPU.ActiveCfg = Debug|Any CPU
		{E5E04642-3A50-4C2F-A5EF-A9FCA9ED290C}.Debug|Any CPU.Build.0 = Debug|Any CPU
		{E5E04642-3A50-4C2F-A5EF-A9FCA9ED290C}.Release|Any CPU.ActiveCfg = Release|Any CPU
		{E5E04642-3A50-4C2F-A5EF-A9FCA9ED290C}.Release|Any CPU.Build.0 = Release|Any CPU
		{2B5245C0-1505-4182-A991-0C17B4EEE9BF}.Debug|Any CPU.ActiveCfg = Debug|Any CPU
		{2B5245C0-1505-4182-A991-0C17B4EEE9BF}.Debug|Any CPU.Build.0 = Debug|Any CPU
		{2B5245C0-1505-4182-A991-0C17B4EEE9BF}.Release|Any CPU.ActiveCfg = Release|Any CPU
		{2B5245C0-1505-4182-A991-0C17B4EEE9BF}.Release|Any CPU.Build.0 = Release|Any CPU
		{501E4A80-A667-4820-8B74-41E1C668CE80}.Debug|Any CPU.ActiveCfg = Debug|Any CPU
		{501E4A80-A667-4820-8B74-41E1C668CE80}.Debug|Any CPU.Build.0 = Debug|Any CPU
		{501E4A80-A667-4820-8B74-41E1C668CE80}.Release|Any CPU.ActiveCfg = Release|Any CPU
		{501E4A80-A667-4820-8B74-41E1C668CE80}.Release|Any CPU.Build.0 = Release|Any CPU
		{BC2AF09E-A153-4237-93C0-484C70426A8D}.Debug|Any CPU.ActiveCfg = Debug|Any CPU
		{BC2AF09E-A153-4237-93C0-484C70426A8D}.Debug|Any CPU.Build.0 = Debug|Any CPU
		{BC2AF09E-A153-4237-93C0-484C70426A8D}.Release|Any CPU.ActiveCfg = Release|Any CPU
		{BC2AF09E-A153-4237-93C0-484C70426A8D}.Release|Any CPU.Build.0 = Release|Any CPU
		{09B24238-A92B-495B-9ED1-702E23C74A94}.Debug|Any CPU.ActiveCfg = Debug|Any CPU
		{09B24238-A92B-495B-9ED1-702E23C74A94}.Debug|Any CPU.Build.0 = Debug|Any CPU
		{09B24238-A92B-495B-9ED1-702E23C74A94}.Release|Any CPU.ActiveCfg = Release|Any CPU
		{09B24238-A92B-495B-9ED1-702E23C74A94}.Release|Any CPU.Build.0 = Release|Any CPU
>>>>>>> 09d122f1daa097e79ea3709b8fe3e138d175333d
	EndGlobalSection
	GlobalSection(SolutionProperties) = preSolution
		HideSolutionNode = FALSE
	EndGlobalSection
	GlobalSection(ExtensibilityGlobals) = postSolution
<<<<<<< HEAD
		SolutionGuid = {45C63FA1-0461-4A77-BA5B-1D3D03AC4F90}
=======
		SolutionGuid = {42DA4EC9-87B0-4D2D-9D60-1410B2687FC7}
>>>>>>> 09d122f1daa097e79ea3709b8fe3e138d175333d
	EndGlobalSection
EndGlobal
