
Microsoft Visual Studio Solution File, Format Version 12.00
# Visual Studio Version 16
VisualStudioVersion = 16.0.30907.101
MinimumVisualStudioVersion = 10.0.40219.1
Project("{9A19103F-16F7-4668-BE54-9A1E7A4F7556}") = "AnimalFarm", "AnimalFarm\AnimalFarm.csproj", "{9F3A2AD9-BD29-4728-B2DE-DF94C86E5B2B}"
EndProject
Project("{9A19103F-16F7-4668-BE54-9A1E7A4F7556}") = "ClassBoxData", "ClassBoxData\ClassBoxData.csproj", "{BF9E392B-7EBE-4B8D-9F92-D689AEB5D3DF}"
EndProject
Project("{9A19103F-16F7-4668-BE54-9A1E7A4F7556}") = "ShoppingSpree", "ShoppingSpree\ShoppingSpree.csproj", "{7E1F7732-DEC4-41E9-9312-B2F48C4130D8}"
EndProject
Project("{FAE04EC0-301F-11D3-BF4B-00C04F79EFBC}") = "PizzaCalories", "PizzaCalories\PizzaCalories.csproj", "{DBE4F387-928E-427C-A145-814A09EB7BA5}"
EndProject
Global
	GlobalSection(SolutionConfigurationPlatforms) = preSolution
		Debug|Any CPU = Debug|Any CPU
		Release|Any CPU = Release|Any CPU
	EndGlobalSection
	GlobalSection(ProjectConfigurationPlatforms) = postSolution
		{9F3A2AD9-BD29-4728-B2DE-DF94C86E5B2B}.Debug|Any CPU.ActiveCfg = Debug|Any CPU
		{9F3A2AD9-BD29-4728-B2DE-DF94C86E5B2B}.Debug|Any CPU.Build.0 = Debug|Any CPU
		{9F3A2AD9-BD29-4728-B2DE-DF94C86E5B2B}.Release|Any CPU.ActiveCfg = Release|Any CPU
		{9F3A2AD9-BD29-4728-B2DE-DF94C86E5B2B}.Release|Any CPU.Build.0 = Release|Any CPU
		{BF9E392B-7EBE-4B8D-9F92-D689AEB5D3DF}.Debug|Any CPU.ActiveCfg = Debug|Any CPU
		{BF9E392B-7EBE-4B8D-9F92-D689AEB5D3DF}.Debug|Any CPU.Build.0 = Debug|Any CPU
		{BF9E392B-7EBE-4B8D-9F92-D689AEB5D3DF}.Release|Any CPU.ActiveCfg = Release|Any CPU
		{BF9E392B-7EBE-4B8D-9F92-D689AEB5D3DF}.Release|Any CPU.Build.0 = Release|Any CPU
		{7E1F7732-DEC4-41E9-9312-B2F48C4130D8}.Debug|Any CPU.ActiveCfg = Debug|Any CPU
		{7E1F7732-DEC4-41E9-9312-B2F48C4130D8}.Debug|Any CPU.Build.0 = Debug|Any CPU
		{7E1F7732-DEC4-41E9-9312-B2F48C4130D8}.Release|Any CPU.ActiveCfg = Release|Any CPU
		{7E1F7732-DEC4-41E9-9312-B2F48C4130D8}.Release|Any CPU.Build.0 = Release|Any CPU
		{DBE4F387-928E-427C-A145-814A09EB7BA5}.Debug|Any CPU.ActiveCfg = Debug|Any CPU
		{DBE4F387-928E-427C-A145-814A09EB7BA5}.Debug|Any CPU.Build.0 = Debug|Any CPU
		{DBE4F387-928E-427C-A145-814A09EB7BA5}.Release|Any CPU.ActiveCfg = Release|Any CPU
		{DBE4F387-928E-427C-A145-814A09EB7BA5}.Release|Any CPU.Build.0 = Release|Any CPU
	EndGlobalSection
	GlobalSection(SolutionProperties) = preSolution
		HideSolutionNode = FALSE
	EndGlobalSection
	GlobalSection(ExtensibilityGlobals) = postSolution
		SolutionGuid = {16C6B5F8-9855-4B2E-9C91-D9E4C8A8FC04}
	EndGlobalSection
EndGlobal
