
Microsoft Visual Studio Solution File, Format Version 12.00
# Visual Studio Version 16
VisualStudioVersion = 16.0.31911.196
MinimumVisualStudioVersion = 10.0.40219.1
Project("{FAE04EC0-301F-11D3-BF4B-00C04F79EFBC}") = "01SuperSet", "01SuperSet\01SuperSet.csproj", "{B4A37C37-1A0F-4FD2-8623-B55122D298A7}"
EndProject
Project("{FAE04EC0-301F-11D3-BF4B-00C04F79EFBC}") = "02Paths", "02Paths\02Paths.csproj", "{D0A0656D-508D-41B3-9E84-4751FEB8878C}"
EndProject
Global
	GlobalSection(SolutionConfigurationPlatforms) = preSolution
		Debug|Any CPU = Debug|Any CPU
		Release|Any CPU = Release|Any CPU
	EndGlobalSection
	GlobalSection(ProjectConfigurationPlatforms) = postSolution
		{B4A37C37-1A0F-4FD2-8623-B55122D298A7}.Debug|Any CPU.ActiveCfg = Debug|Any CPU
		{B4A37C37-1A0F-4FD2-8623-B55122D298A7}.Debug|Any CPU.Build.0 = Debug|Any CPU
		{B4A37C37-1A0F-4FD2-8623-B55122D298A7}.Release|Any CPU.ActiveCfg = Release|Any CPU
		{B4A37C37-1A0F-4FD2-8623-B55122D298A7}.Release|Any CPU.Build.0 = Release|Any CPU
		{D0A0656D-508D-41B3-9E84-4751FEB8878C}.Debug|Any CPU.ActiveCfg = Debug|Any CPU
		{D0A0656D-508D-41B3-9E84-4751FEB8878C}.Debug|Any CPU.Build.0 = Debug|Any CPU
		{D0A0656D-508D-41B3-9E84-4751FEB8878C}.Release|Any CPU.ActiveCfg = Release|Any CPU
		{D0A0656D-508D-41B3-9E84-4751FEB8878C}.Release|Any CPU.Build.0 = Release|Any CPU
	EndGlobalSection
	GlobalSection(SolutionProperties) = preSolution
		HideSolutionNode = FALSE
	EndGlobalSection
	GlobalSection(ExtensibilityGlobals) = postSolution
		SolutionGuid = {017ACB15-3EA1-47CF-8C26-C1858711A337}
	EndGlobalSection
EndGlobal
