
Microsoft Visual Studio Solution File, Format Version 12.00
# Visual Studio Version 16
VisualStudioVersion = 16.0.30907.101
MinimumVisualStudioVersion = 10.0.40219.1
Project("{FAE04EC0-301F-11D3-BF4B-00C04F79EFBC}") = "Scheduling", "Scheduling\Scheduling.csproj", "{CDBAB6D3-03A0-4B34-B40A-0850D4EAEF1D}"
EndProject
Global
	GlobalSection(SolutionConfigurationPlatforms) = preSolution
		Debug|Any CPU = Debug|Any CPU
		Release|Any CPU = Release|Any CPU
	EndGlobalSection
	GlobalSection(ProjectConfigurationPlatforms) = postSolution
		{CDBAB6D3-03A0-4B34-B40A-0850D4EAEF1D}.Debug|Any CPU.ActiveCfg = Debug|Any CPU
		{CDBAB6D3-03A0-4B34-B40A-0850D4EAEF1D}.Debug|Any CPU.Build.0 = Debug|Any CPU
		{CDBAB6D3-03A0-4B34-B40A-0850D4EAEF1D}.Release|Any CPU.ActiveCfg = Release|Any CPU
		{CDBAB6D3-03A0-4B34-B40A-0850D4EAEF1D}.Release|Any CPU.Build.0 = Release|Any CPU
	EndGlobalSection
	GlobalSection(SolutionProperties) = preSolution
		HideSolutionNode = FALSE
	EndGlobalSection
	GlobalSection(ExtensibilityGlobals) = postSolution
		SolutionGuid = {47111DC2-5524-4E79-8488-37A3FFBDB0A3}
	EndGlobalSection
EndGlobal
