
Microsoft Visual Studio Solution File, Format Version 12.00
# Visual Studio Version 16
VisualStudioVersion = 16.0.30907.101
MinimumVisualStudioVersion = 10.0.40219.1
Project("{9A19103F-16F7-4668-BE54-9A1E7A4F7556}") = "01.MatchFullName", "01.MatchFullName\01.MatchFullName.csproj", "{B3C6DF26-688F-4505-A02D-2A40F41FFE2F}"
EndProject
Project("{FAE04EC0-301F-11D3-BF4B-00C04F79EFBC}") = "02.MatchPhoneNumber", "02.MatchPhoneNumber\02.MatchPhoneNumber.csproj", "{492217F6-B941-402E-A464-0B87A057E24C}"
EndProject
Project("{FAE04EC0-301F-11D3-BF4B-00C04F79EFBC}") = "03.MatchDates", "03.MatchDates\03.MatchDates.csproj", "{011E9F61-2BFE-42E5-BA9F-3DB4F9064AF2}"
EndProject
Global
	GlobalSection(SolutionConfigurationPlatforms) = preSolution
		Debug|Any CPU = Debug|Any CPU
		Release|Any CPU = Release|Any CPU
	EndGlobalSection
	GlobalSection(ProjectConfigurationPlatforms) = postSolution
		{B3C6DF26-688F-4505-A02D-2A40F41FFE2F}.Debug|Any CPU.ActiveCfg = Debug|Any CPU
		{B3C6DF26-688F-4505-A02D-2A40F41FFE2F}.Debug|Any CPU.Build.0 = Debug|Any CPU
		{B3C6DF26-688F-4505-A02D-2A40F41FFE2F}.Release|Any CPU.ActiveCfg = Release|Any CPU
		{B3C6DF26-688F-4505-A02D-2A40F41FFE2F}.Release|Any CPU.Build.0 = Release|Any CPU
		{492217F6-B941-402E-A464-0B87A057E24C}.Debug|Any CPU.ActiveCfg = Debug|Any CPU
		{492217F6-B941-402E-A464-0B87A057E24C}.Debug|Any CPU.Build.0 = Debug|Any CPU
		{492217F6-B941-402E-A464-0B87A057E24C}.Release|Any CPU.ActiveCfg = Release|Any CPU
		{492217F6-B941-402E-A464-0B87A057E24C}.Release|Any CPU.Build.0 = Release|Any CPU
		{011E9F61-2BFE-42E5-BA9F-3DB4F9064AF2}.Debug|Any CPU.ActiveCfg = Debug|Any CPU
		{011E9F61-2BFE-42E5-BA9F-3DB4F9064AF2}.Debug|Any CPU.Build.0 = Debug|Any CPU
		{011E9F61-2BFE-42E5-BA9F-3DB4F9064AF2}.Release|Any CPU.ActiveCfg = Release|Any CPU
		{011E9F61-2BFE-42E5-BA9F-3DB4F9064AF2}.Release|Any CPU.Build.0 = Release|Any CPU
	EndGlobalSection
	GlobalSection(SolutionProperties) = preSolution
		HideSolutionNode = FALSE
	EndGlobalSection
	GlobalSection(ExtensibilityGlobals) = postSolution
		SolutionGuid = {31945F66-9461-4138-B6F2-D097BB596A03}
	EndGlobalSection
EndGlobal
